PODS:
  - XCLoginUI (1.0.1):
    - XCMacros (~> 1.0.4)
  - XCMacros (1.0.4)

DEPENDENCIES:
  - XCLoginUI (from `../`)

SPEC REPOS:
  https://github.com/cocoapods/specs.git:
    - XCMacros

EXTERNAL SOURCES:
  XCLoginUI:
    :path: "../"

SPEC CHECKSUMS:
  XCLoginUI: d480df49dcd011d1173e52fcea307fcc50023ff3
  XCMacros: 5509e1b14c53119da138e1f4ce7ba1766f06ad35

PODFILE CHECKSUM: b15b9460a9c6e5eb60637428d0313a2e881e0a35

COCOAPODS: 1.5.3
